
Microsoft Visual Studio Solution File, Format Version 12.00
# Visual Studio 15
VisualStudioVersion = 15.0.28307.1525
MinimumVisualStudioVersion = 10.0.40219.1
Project("{159641D6-6404-4A2A-AE62-294DE0FE8301}") = "D01", "D01\D01.dtproj", "{3C56733F-71F4-4E39-886F-2570C85F389F}"
EndProject
Global
	GlobalSection(SolutionConfigurationPlatforms) = preSolution
		Development|Default = Development|Default
	EndGlobalSection
	GlobalSection(ProjectConfigurationPlatforms) = postSolution
		{3C56733F-71F4-4E39-886F-2570C85F389F}.Development|Default.ActiveCfg = Development
		{3C56733F-71F4-4E39-886F-2570C85F389F}.Development|Default.Build.0 = Development
	EndGlobalSection
	GlobalSection(SolutionProperties) = preSolution
		HideSolutionNode = FALSE
	EndGlobalSection
	GlobalSection(ExtensibilityGlobals) = postSolution
		SolutionGuid = {F2B6B990-C081-4925-ACFE-81911E3ECE2C}
	EndGlobalSection
EndGlobal
